// !$*UTF8*$!
{
	archiveVersion = 1;
	classes = {
	};
	objectVersion = 55;
	objects = {

/* Begin PBXBuildFile section */
		8D6242DF27F228B5002130D7 /* CoreDataFuncionario.xcdatamodeld in Sources */ = {isa = PBXBuildFile; fileRef = 8D6242DD27F228B5002130D7 /* CoreDataFuncionario.xcdatamodeld */; };
		8D784BF127FE1FB700D9B93C /* FuncionarioTableViewCell.swift in Sources */ = {isa = PBXBuildFile; fileRef = 8D784BEF27FE1FB700D9B93C /* FuncionarioTableViewCell.swift */; };
		8D784BF227FE1FB700D9B93C /* FuncionarioTableViewCell.xib in Resources */ = {isa = PBXBuildFile; fileRef = 8D784BF027FE1FB700D9B93C /* FuncionarioTableViewCell.xib */; };
		8DBD48D427A177540093302E /* AppDelegate.swift in Sources */ = {isa = PBXBuildFile; fileRef = 8DBD48D327A177540093302E /* AppDelegate.swift */; };
		8DBD48DD27A177550093302E /* Assets.xcassets in Resources */ = {isa = PBXBuildFile; fileRef = 8DBD48DC27A177550093302E /* Assets.xcassets */; };
		8DBD48E027A177550093302E /* LaunchScreen.storyboard in Resources */ = {isa = PBXBuildFile; fileRef = 8DBD48DE27A177550093302E /* LaunchScreen.storyboard */; };
		8DC3C09C27F38B8800BD781E /* Funcionario+CoreDataClass.swift in Sources */ = {isa = PBXBuildFile; fileRef = 8DC3C09A27F38B8800BD781E /* Funcionario+CoreDataClass.swift */; };
		8DC3C09D27F38B8800BD781E /* Funcionario+CoreDataProperties.swift in Sources */ = {isa = PBXBuildFile; fileRef = 8DC3C09B27F38B8800BD781E /* Funcionario+CoreDataProperties.swift */; };
		8DD1D7BA27A1C5E700B305CB /* ViewController.swift in Sources */ = {isa = PBXBuildFile; fileRef = 8DD1D7B827A1C5E700B305CB /* ViewController.swift */; };
		8DD1D7BB27A1C5E700B305CB /* ViewController.xib in Resources */ = {isa = PBXBuildFile; fileRef = 8DD1D7B927A1C5E700B305CB /* ViewController.xib */; };
		8DDEFD2D27D247E500CA1956 /* CadastroViewController.swift in Sources */ = {isa = PBXBuildFile; fileRef = 8DDEFD2B27D247E500CA1956 /* CadastroViewController.swift */; };
		8DDEFD2E27D247E500CA1956 /* CadastroViewController.xib in Resources */ = {isa = PBXBuildFile; fileRef = 8DDEFD2C27D247E500CA1956 /* CadastroViewController.xib */; };
/* End PBXBuildFile section */

/* Begin PBXFileReference section */
		8D6242DE27F228B5002130D7 /* CoreDataFuncionario.xcdatamodel */ = {isa = PBXFileReference; lastKnownFileType = wrapper.xcdatamodel; path = CoreDataFuncionario.xcdatamodel; sourceTree = "<group>"; };
		8D784BEF27FE1FB700D9B93C /* FuncionarioTableViewCell.swift */ = {isa = PBXFileReference; lastKnownFileType = sourcecode.swift; path = FuncionarioTableViewCell.swift; sourceTree = "<group>"; };
		8D784BF027FE1FB700D9B93C /* FuncionarioTableViewCell.xib */ = {isa = PBXFileReference; lastKnownFileType = file.xib; path = FuncionarioTableViewCell.xib; sourceTree = "<group>"; };
		8DBD48D027A177540093302E /* MinhaEmpresa.app */ = {isa = PBXFileReference; explicitFileType = wrapper.application; includeInIndex = 0; path = MinhaEmpresa.app; sourceTree = BUILT_PRODUCTS_DIR; };
		8DBD48D327A177540093302E /* AppDelegate.swift */ = {isa = PBXFileReference; lastKnownFileType = sourcecode.swift; path = AppDelegate.swift; sourceTree = "<group>"; };
		8DBD48DC27A177550093302E /* Assets.xcassets */ = {isa = PBXFileReference; lastKnownFileType = folder.assetcatalog; path = Assets.xcassets; sourceTree = "<group>"; };
		8DBD48DF27A177550093302E /* Base */ = {isa = PBXFileReference; lastKnownFileType = file.storyboard; name = Base; path = Base.lproj/LaunchScreen.storyboard; sourceTree = "<group>"; };
		8DBD48E127A177550093302E /* Info.plist */ = {isa = PBXFileReference; lastKnownFileType = text.plist.xml; path = Info.plist; sourceTree = "<group>"; };
		8DC3C09A27F38B8800BD781E /* Funcionario+CoreDataClass.swift */ = {isa = PBXFileReference; lastKnownFileType = sourcecode.swift; path = "Funcionario+CoreDataClass.swift"; sourceTree = "<group>"; };
		8DC3C09B27F38B8800BD781E /* Funcionario+CoreDataProperties.swift */ = {isa = PBXFileReference; lastKnownFileType = sourcecode.swift; path = "Funcionario+CoreDataProperties.swift"; sourceTree = "<group>"; };
		8DD1D7B827A1C5E700B305CB /* ViewController.swift */ = {isa = PBXFileReference; lastKnownFileType = sourcecode.swift; path = ViewController.swift; sourceTree = "<group>"; };
		8DD1D7B927A1C5E700B305CB /* ViewController.xib */ = {isa = PBXFileReference; lastKnownFileType = file.xib; path = ViewController.xib; sourceTree = "<group>"; };
		8DDEFD2B27D247E500CA1956 /* CadastroViewController.swift */ = {isa = PBXFileReference; lastKnownFileType = sourcecode.swift; path = CadastroViewController.swift; sourceTree = "<group>"; };
		8DDEFD2C27D247E500CA1956 /* CadastroViewController.xib */ = {isa = PBXFileReference; lastKnownFileType = file.xib; path = CadastroViewController.xib; sourceTree = "<group>"; };
/* End PBXFileReference section */

/* Begin PBXFrameworksBuildPhase section */
		8DBD48CD27A177540093302E /* Frameworks */ = {
			isa = PBXFrameworksBuildPhase;
			buildActionMask = 2147483647;
			files = (
			);
			runOnlyForDeploymentPostprocessing = 0;
		};
/* End PBXFrameworksBuildPhase section */

/* Begin PBXGroup section */
		8D9F35CE27EBA26D0026EE6A /* CoreData */ = {
			isa = PBXGroup;
			children = (
				8D6242DD27F228B5002130D7 /* CoreDataFuncionario.xcdatamodeld */,
			);
			path = CoreData;
			sourceTree = "<group>";
		};
		8DBD48C727A177540093302E = {
			isa = PBXGroup;
			children = (
				8DBD48D227A177540093302E /* MinhaEmpresa */,
				8DBD48D127A177540093302E /* Products */,
			);
			sourceTree = "<group>";
		};
		8DBD48D127A177540093302E /* Products */ = {
			isa = PBXGroup;
			children = (
				8DBD48D027A177540093302E /* MinhaEmpresa.app */,
			);
			name = Products;
			sourceTree = "<group>";
		};
		8DBD48D227A177540093302E /* MinhaEmpresa */ = {
			isa = PBXGroup;
			children = (
				8DBD48D327A177540093302E /* AppDelegate.swift */,
				8DC3C09E27F3975800BD781E /* Model */,
				8DBD48EB27A18E6C0093302E /* View */,
				8DF6B4EB27A9CA600019656A /* Controller */,
				8D9F35CE27EBA26D0026EE6A /* CoreData */,
				8DBD48E127A177550093302E /* Info.plist */,
				8DBD48DC27A177550093302E /* Assets.xcassets */,
				8DBD48DE27A177550093302E /* LaunchScreen.storyboard */,
			);
			path = MinhaEmpresa;
			sourceTree = "<group>";
		};
		8DBD48EB27A18E6C0093302E /* View */ = {
			isa = PBXGroup;
			children = (
				8D784BF027FE1FB700D9B93C /* FuncionarioTableViewCell.xib */,
				8DD1D7B927A1C5E700B305CB /* ViewController.xib */,
				8DDEFD2C27D247E500CA1956 /* CadastroViewController.xib */,
			);
			path = View;
			sourceTree = "<group>";
		};
		8DC3C09E27F3975800BD781E /* Model */ = {
			isa = PBXGroup;
			children = (
				8DC3C09A27F38B8800BD781E /* Funcionario+CoreDataClass.swift */,
				8DC3C09B27F38B8800BD781E /* Funcionario+CoreDataProperties.swift */,
			);
			path = Model;
			sourceTree = "<group>";
		};
		8DF6B4EB27A9CA600019656A /* Controller */ = {
			isa = PBXGroup;
			children = (
				8D784BEF27FE1FB700D9B93C /* FuncionarioTableViewCell.swift */,
				8DD1D7B827A1C5E700B305CB /* ViewController.swift */,
				8DDEFD2B27D247E500CA1956 /* CadastroViewController.swift */,
			);
			path = Controller;
			sourceTree = "<group>";
		};
/* End PBXGroup section */

/* Begin PBXNativeTarget section */
		8DBD48CF27A177540093302E /* MinhaEmpresa */ = {
			isa = PBXNativeTarget;
			buildConfigurationList = 8DBD48E427A177550093302E /* Build configuration list for PBXNativeTarget "MinhaEmpresa" */;
			buildPhases = (
				8DBD48CC27A177540093302E /* Sources */,
				8DBD48CD27A177540093302E /* Frameworks */,
				8DBD48CE27A177540093302E /* Resources */,
			);
			buildRules = (
			);
			dependencies = (
			);
			name = MinhaEmpresa;
			productName = MinhaEmpresa;
			productReference = 8DBD48D027A177540093302E /* MinhaEmpresa.app */;
			productType = "com.apple.product-type.application";
		};
/* End PBXNativeTarget section */

/* Begin PBXProject section */
		8DBD48C827A177540093302E /* Project object */ = {
			isa = PBXProject;
			attributes = {
				BuildIndependentTargetsInParallel = 1;
				LastSwiftUpdateCheck = 1320;
				LastUpgradeCheck = 1320;
				TargetAttributes = {
					8DBD48CF27A177540093302E = {
						CreatedOnToolsVersion = 13.2.1;
					};
				};
			};
			buildConfigurationList = 8DBD48CB27A177540093302E /* Build configuration list for PBXProject "MinhaEmpresa" */;
			compatibilityVersion = "Xcode 13.0";
			developmentRegion = en;
			hasScannedForEncodings = 0;
			knownRegions = (
				en,
				Base,
			);
			mainGroup = 8DBD48C727A177540093302E;
			productRefGroup = 8DBD48D127A177540093302E /* Products */;
			projectDirPath = "";
			projectRoot = "";
			targets = (
				8DBD48CF27A177540093302E /* MinhaEmpresa */,
			);
		};
/* End PBXProject section */

/* Begin PBXResourcesBuildPhase section */
		8DBD48CE27A177540093302E /* Resources */ = {
			isa = PBXResourcesBuildPhase;
			buildActionMask = 2147483647;
			files = (
				8DDEFD2E27D247E500CA1956 /* CadastroViewController.xib in Resources */,
				8DBD48E027A177550093302E /* LaunchScreen.storyboard in Resources */,
				8D784BF227FE1FB700D9B93C /* FuncionarioTableViewCell.xib in Resources */,
				8DD1D7BB27A1C5E700B305CB /* ViewController.xib in Resources */,
				8DBD48DD27A177550093302E /* Assets.xcassets in Resources */,
			);
			runOnlyForDeploymentPostprocessing = 0;
		};
/* End PBXResourcesBuildPhase section */

/* Begin PBXSourcesBuildPhase section */
		8DBD48CC27A177540093302E /* Sources */ = {
			isa = PBXSourcesBuildPhase;
			buildActionMask = 2147483647;
			files = (
				8DD1D7BA27A1C5E700B305CB /* ViewController.swift in Sources */,
				8DC3C09C27F38B8800BD781E /* Funcionario+CoreDataClass.swift in Sources */,
				8DBD48D427A177540093302E /* AppDelegate.swift in Sources */,
				8D6242DF27F228B5002130D7 /* CoreDataFuncionario.xcdatamodeld in Sources */,
				8DDEFD2D27D247E500CA1956 /* CadastroViewController.swift in Sources */,
				8DC3C09D27F38B8800BD781E /* Funcionario+CoreDataProperties.swift in Sources */,
				8D784BF127FE1FB700D9B93C /* FuncionarioTableViewCell.swift in Sources */,
			);
			runOnlyForDeploymentPostprocessing = 0;
		};
/* End PBXSourcesBuildPhase section */

/* Begin PBXVariantGroup section */
		8DBD48DE27A177550093302E /* LaunchScreen.storyboard */ = {
			isa = PBXVariantGroup;
			children = (
				8DBD48DF27A177550093302E /* Base */,
			);
			name = LaunchScreen.storyboard;
			sourceTree = "<group>";
		};
/* End PBXVariantGroup section */

/* Begin XCBuildConfiguration section */
		8DBD48E227A177550093302E /* Debug */ = {
			isa = XCBuildConfiguration;
			buildSettings = {
				ALWAYS_SEARCH_USER_PATHS = NO;
				CLANG_ANALYZER_NONNULL = YES;
				CLANG_ANALYZER_NUMBER_OBJECT_CONVERSION = YES_AGGRESSIVE;
				CLANG_CXX_LANGUAGE_STANDARD = "gnu++17";
				CLANG_CXX_LIBRARY = "libc++";
				CLANG_ENABLE_MODULES = YES;
				CLANG_ENABLE_OBJC_ARC = YES;
				CLANG_ENABLE_OBJC_WEAK = YES;
				CLANG_WARN_BLOCK_CAPTURE_AUTORELEASING = YES;
				CLANG_WARN_BOOL_CONVERSION = YES;
				CLANG_WARN_COMMA = YES;
				CLANG_WARN_CONSTANT_CONVERSION = YES;
				CLANG_WARN_DEPRECATED_OBJC_IMPLEMENTATIONS = YES;
				CLANG_WARN_DIRECT_OBJC_ISA_USAGE = YES_ERROR;
				CLANG_WARN_DOCUMENTATION_COMMENTS = YES;
				CLANG_WARN_EMPTY_BODY = YES;
				CLANG_WARN_ENUM_CONVERSION = YES;
				CLANG_WARN_INFINITE_RECURSION = YES;
				CLANG_WARN_INT_CONVERSION = YES;
				CLANG_WARN_NON_LITERAL_NULL_CONVERSION = YES;
				CLANG_WARN_OBJC_IMPLICIT_RETAIN_SELF = YES;
				CLANG_WARN_OBJC_LITERAL_CONVERSION = YES;
				CLANG_WARN_OBJC_ROOT_CLASS = YES_ERROR;
				CLANG_WARN_QUOTED_INCLUDE_IN_FRAMEWORK_HEADER = YES;
				CLANG_WARN_RANGE_LOOP_ANALYSIS = YES;
				CLANG_WARN_STRICT_PROTOTYPES = YES;
				CLANG_WARN_SUSPICIOUS_MOVE = YES;
				CLANG_WARN_UNGUARDED_AVAILABILITY = YES_AGGRESSIVE;
				CLANG_WARN_UNREACHABLE_CODE = YES;
				CLANG_WARN__DUPLICATE_METHOD_MATCH = YES;
				COPY_PHASE_STRIP = NO;
				DEBUG_INFORMATION_FORMAT = dwarf;
				ENABLE_STRICT_OBJC_MSGSEND = YES;
				ENABLE_TESTABILITY = YES;
				GCC_C_LANGUAGE_STANDARD = gnu11;
				GCC_DYNAMIC_NO_PIC = NO;
				GCC_NO_COMMON_BLOCKS = YES;
				GCC_OPTIMIZATION_LEVEL = 0;
				GCC_PREPROCESSOR_DEFINITIONS = (
					"DEBUG=1",
					"$(inherited)",
				);
				GCC_WARN_64_TO_32_BIT_CONVERSION = YES;
				GCC_WARN_ABOUT_RETURN_TYPE = YES_ERROR;
				GCC_WARN_UNDECLARED_SELECTOR = YES;
				GCC_WARN_UNINITIALIZED_AUTOS = YES_AGGRESSIVE;
				GCC_WARN_UNUSED_FUNCTION = YES;
				GCC_WARN_UNUSED_VARIABLE = YES;
				IPHONEOS_DEPLOYMENT_TARGET = 15.2;
				MTL_ENABLE_DEBUG_INFO = INCLUDE_SOURCE;
				MTL_FAST_MATH = YES;
				ONLY_ACTIVE_ARCH = YES;
				SDKROOT = iphoneos;
				SWIFT_ACTIVE_COMPILATION_CONDITIONS = DEBUG;
				SWIFT_OPTIMIZATION_LEVEL = "-Onone";
			};
			name = Debug;
		};
		8DBD48E327A177550093302E /* Release */ = {
			isa = XCBuildConfiguration;
			buildSettings = {
				ALWAYS_SEARCH_USER_PATHS = NO;
				CLANG_ANALYZER_NONNULL = YES;
				CLANG_ANALYZER_NUMBER_OBJECT_CONVERSION = YES_AGGRESSIVE;
				CLANG_CXX_LANGUAGE_STANDARD = "gnu++17";
				CLANG_CXX_LIBRARY = "libc++";
				CLANG_ENABLE_MODULES = YES;
				CLANG_ENABLE_OBJC_ARC = YES;
				CLANG_ENABLE_OBJC_WEAK = YES;
				CLANG_WARN_BLOCK_CAPTURE_AUTORELEASING = YES;
				CLANG_WARN_BOOL_CONVERSION = YES;
				CLANG_WARN_COMMA = YES;
				CLANG_WARN_CONSTANT_CONVERSION = YES;
				CLANG_WARN_DEPRECATED_OBJC_IMPLEMENTATIONS = YES;
				CLANG_WARN_DIRECT_OBJC_ISA_USAGE = YES_ERROR;
				CLANG_WARN_DOCUMENTATION_COMMENTS = YES;
				CLANG_WARN_EMPTY_BODY = YES;
				CLANG_WARN_ENUM_CONVERSION = YES;
				CLANG_WARN_INFINITE_RECURSION = YES;
				CLANG_WARN_INT_CONVERSION = YES;
				CLANG_WARN_NON_LITERAL_NULL_CONVERSION = YES;
				CLANG_WARN_OBJC_IMPLICIT_RETAIN_SELF = YES;
				CLANG_WARN_OBJC_LITERAL_CONVERSION = YES;
				CLANG_WARN_OBJC_ROOT_CLASS = YES_ERROR;
				CLANG_WARN_QUOTED_INCLUDE_IN_FRAMEWORK_HEADER = YES;
				CLANG_WARN_RANGE_LOOP_ANALYSIS = YES;
				CLANG_WARN_STRICT_PROTOTYPES = YES;
				CLANG_WARN_SUSPICIOUS_MOVE = YES;
				CLANG_WARN_UNGUARDED_AVAILABILITY = YES_AGGRESSIVE;
				CLANG_WARN_UNREACHABLE_CODE = YES;
				CLANG_WARN__DUPLICATE_METHOD_MATCH = YES;
				COPY_PHASE_STRIP = NO;
				DEBUG_INFORMATION_FORMAT = "dwarf-with-dsym";
				ENABLE_NS_ASSERTIONS = NO;
				ENABLE_STRICT_OBJC_MSGSEND = YES;
				GCC_C_LANGUAGE_STANDARD = gnu11;
				GCC_NO_COMMON_BLOCKS = YES;
				GCC_WARN_64_TO_32_BIT_CONVERSION = YES;
				GCC_WARN_ABOUT_RETURN_TYPE = YES_ERROR;
				GCC_WARN_UNDECLARED_SELECTOR = YES;
				GCC_WARN_UNINITIALIZED_AUTOS = YES_AGGRESSIVE;
				GCC_WARN_UNUSED_FUNCTION = YES;
				GCC_WARN_UNUSED_VARIABLE = YES;
				IPHONEOS_DEPLOYMENT_TARGET = 15.2;
				MTL_ENABLE_DEBUG_INFO = NO;
				MTL_FAST_MATH = YES;
				SDKROOT = iphoneos;
				SWIFT_COMPILATION_MODE = wholemodule;
				SWIFT_OPTIMIZATION_LEVEL = "-O";
				VALIDATE_PRODUCT = YES;
			};
			name = Release;
		};
		8DBD48E527A177550093302E /* Debug */ = {
			isa = XCBuildConfiguration;
			buildSettings = {
				ASSETCATALOG_COMPILER_APPICON_NAME = AppIcon;
				ASSETCATALOG_COMPILER_GLOBAL_ACCENT_COLOR_NAME = AccentColor;
				CODE_SIGN_STYLE = Automatic;
				CURRENT_PROJECT_VERSION = 1;
				GENERATE_INFOPLIST_FILE = YES;
				INFOPLIST_FILE = MinhaEmpresa/Info.plist;
				INFOPLIST_KEY_UIApplicationSupportsIndirectInputEvents = YES;
				INFOPLIST_KEY_UILaunchStoryboardName = LaunchScreen;
				INFOPLIST_KEY_UISupportedInterfaceOrientations = UIInterfaceOrientationPortrait;
				INFOPLIST_KEY_UISupportedInterfaceOrientations_iPad = "UIInterfaceOrientationPortrait UIInterfaceOrientationPortraitUpsideDown UIInterfaceOrientationLandscapeLeft UIInterfaceOrientationLandscapeRight";
				INFOPLIST_KEY_UISupportedInterfaceOrientations_iPhone = "UIInterfaceOrientationPortrait UIInterfaceOrientationLandscapeLeft UIInterfaceOrientationLandscapeRight";
				LD_RUNPATH_SEARCH_PATHS = (
					"$(inherited)",
					"@executable_path/Frameworks",
				);
				MARKETING_VERSION = 1.0;
				PRODUCT_BUNDLE_IDENTIFIER = fulltime.MinhaEmpresa;
				PRODUCT_NAME = "$(TARGET_NAME)";
				SWIFT_EMIT_LOC_STRINGS = YES;
				SWIFT_VERSION = 5.0;
				TARGETED_DEVICE_FAMILY = 1;
			};
			name = Debug;
		};
		8DBD48E627A177550093302E /* Release */ = {
			isa = XCBuildConfiguration;
			buildSettings = {
				ASSETCATALOG_COMPILER_APPICON_NAME = AppIcon;
				ASSETCATALOG_COMPILER_GLOBAL_ACCENT_COLOR_NAME = AccentColor;
				CODE_SIGN_STYLE = Automatic;
				CURRENT_PROJECT_VERSION = 1;
				GENERATE_INFOPLIST_FILE = YES;
				INFOPLIST_FILE = MinhaEmpresa/Info.plist;
				INFOPLIST_KEY_UIApplicationSupportsIndirectInputEvents = YES;
				INFOPLIST_KEY_UILaunchStoryboardName = LaunchScreen;
				INFOPLIST_KEY_UISupportedInterfaceOrientations = UIInterfaceOrientationPortrait;
				INFOPLIST_KEY_UISupportedInterfaceOrientations_iPad = "UIInterfaceOrientationPortrait UIInterfaceOrientationPortraitUpsideDown UIInterfaceOrientationLandscapeLeft UIInterfaceOrientationLandscapeRight";
				INFOPLIST_KEY_UISupportedInterfaceOrientations_iPhone = "UIInterfaceOrientationPortrait UIInterfaceOrientationLandscapeLeft UIInterfaceOrientationLandscapeRight";
				LD_RUNPATH_SEARCH_PATHS = (
					"$(inherited)",
					"@executable_path/Frameworks",
				);
				MARKETING_VERSION = 1.0;
				PRODUCT_BUNDLE_IDENTIFIER = fulltime.MinhaEmpresa;
				PRODUCT_NAME = "$(TARGET_NAME)";
				SWIFT_EMIT_LOC_STRINGS = YES;
				SWIFT_VERSION = 5.0;
				TARGETED_DEVICE_FAMILY = 1;
			};
			name = Release;
		};
/* End XCBuildConfiguration section */

/* Begin XCConfigurationList section */
		8DBD48CB27A177540093302E /* Build configuration list for PBXProject "MinhaEmpresa" */ = {
			isa = XCConfigurationList;
			buildConfigurations = (
				8DBD48E227A177550093302E /* Debug */,
				8DBD48E327A177550093302E /* Release */,
			);
			defaultConfigurationIsVisible = 0;
			defaultConfigurationName = Release;
		};
		8DBD48E427A177550093302E /* Build configuration list for PBXNativeTarget "MinhaEmpresa" */ = {
			isa = XCConfigurationList;
			buildConfigurations = (
				8DBD48E527A177550093302E /* Debug */,
				8DBD48E627A177550093302E /* Release */,
			);
			defaultConfigurationIsVisible = 0;
			defaultConfigurationName = Release;
		};
/* End XCConfigurationList section */

/* Begin XCVersionGroup section */
		8D6242DD27F228B5002130D7 /* CoreDataFuncionario.xcdatamodeld */ = {
			isa = XCVersionGroup;
			children = (
				8D6242DE27F228B5002130D7 /* CoreDataFuncionario.xcdatamodel */,
			);
			currentVersion = 8D6242DE27F228B5002130D7 /* CoreDataFuncionario.xcdatamodel */;
			path = CoreDataFuncionario.xcdatamodeld;
			sourceTree = "<group>";
			versionGroupType = wrapper.xcdatamodel;
		};
/* End XCVersionGroup section */
	};
	rootObject = 8DBD48C827A177540093302E /* Project object */;
}
